
Microsoft Visual Studio Solution File, Format Version 12.00
# Visual Studio Version 17
VisualStudioVersion = 17.8.34330.188
MinimumVisualStudioVersion = 10.0.40219.1
Project("{FAE04EC0-301F-11D3-BF4B-00C04F79EFBC}") = "ARABA BILGI FORMU", "ARABA BILGI FORMU\ARABA BILGI FORMU.csproj", "{02E21C9C-4050-4C5A-9AA1-D07B1D12CE32}"
EndProject
Global
	GlobalSection(SolutionConfigurationPlatforms) = preSolution
		Debug|Any CPU = Debug|Any CPU
		Release|Any CPU = Release|Any CPU
	EndGlobalSection
	GlobalSection(ProjectConfigurationPlatforms) = postSolution
		{02E21C9C-4050-4C5A-9AA1-D07B1D12CE32}.Debug|Any CPU.ActiveCfg = Debug|Any CPU
		{02E21C9C-4050-4C5A-9AA1-D07B1D12CE32}.Debug|Any CPU.Build.0 = Debug|Any CPU
		{02E21C9C-4050-4C5A-9AA1-D07B1D12CE32}.Release|Any CPU.ActiveCfg = Release|Any CPU
		{02E21C9C-4050-4C5A-9AA1-D07B1D12CE32}.Release|Any CPU.Build.0 = Release|Any CPU
	EndGlobalSection
	GlobalSection(SolutionProperties) = preSolution
		HideSolutionNode = FALSE
	EndGlobalSection
	GlobalSection(ExtensibilityGlobals) = postSolution
		SolutionGuid = {A57620DF-E8D7-4844-8A78-5034591A6F60}
	EndGlobalSection
EndGlobal
