
Microsoft Visual Studio Solution File, Format Version 12.00
# Visual Studio Version 17
VisualStudioVersion = 17.8.34330.188
MinimumVisualStudioVersion = 10.0.40219.1
Project("{FAE04EC0-301F-11D3-BF4B-00C04F79EFBC}") = "ODEV1", "ODEV1\ODEV1.csproj", "{814516EF-A77F-4AAC-AF59-40BB5E813CB1}"
EndProject
Global
	GlobalSection(SolutionConfigurationPlatforms) = preSolution
		Debug|Any CPU = Debug|Any CPU
		Release|Any CPU = Release|Any CPU
	EndGlobalSection
	GlobalSection(ProjectConfigurationPlatforms) = postSolution
		{814516EF-A77F-4AAC-AF59-40BB5E813CB1}.Debug|Any CPU.ActiveCfg = Debug|Any CPU
		{814516EF-A77F-4AAC-AF59-40BB5E813CB1}.Debug|Any CPU.Build.0 = Debug|Any CPU
		{814516EF-A77F-4AAC-AF59-40BB5E813CB1}.Release|Any CPU.ActiveCfg = Release|Any CPU
		{814516EF-A77F-4AAC-AF59-40BB5E813CB1}.Release|Any CPU.Build.0 = Release|Any CPU
	EndGlobalSection
	GlobalSection(SolutionProperties) = preSolution
		HideSolutionNode = FALSE
	EndGlobalSection
	GlobalSection(ExtensibilityGlobals) = postSolution
		SolutionGuid = {654A6223-23CD-4D45-99A9-5E88A36E0835}
	EndGlobalSection
EndGlobal
