
Microsoft Visual Studio Solution File, Format Version 12.00
# Visual Studio Version 17
VisualStudioVersion = 17.8.34330.188
MinimumVisualStudioVersion = 10.0.40219.1
Project("{FAE04EC0-301F-11D3-BF4B-00C04F79EFBC}") = "ODEV5", "ODEV5\ODEV5.csproj", "{71665C66-495F-4FB2-BE1D-B56681D61C7D}"
EndProject
Global
	GlobalSection(SolutionConfigurationPlatforms) = preSolution
		Debug|Any CPU = Debug|Any CPU
		Release|Any CPU = Release|Any CPU
	EndGlobalSection
	GlobalSection(ProjectConfigurationPlatforms) = postSolution
		{71665C66-495F-4FB2-BE1D-B56681D61C7D}.Debug|Any CPU.ActiveCfg = Debug|Any CPU
		{71665C66-495F-4FB2-BE1D-B56681D61C7D}.Debug|Any CPU.Build.0 = Debug|Any CPU
		{71665C66-495F-4FB2-BE1D-B56681D61C7D}.Release|Any CPU.ActiveCfg = Release|Any CPU
		{71665C66-495F-4FB2-BE1D-B56681D61C7D}.Release|Any CPU.Build.0 = Release|Any CPU
	EndGlobalSection
	GlobalSection(SolutionProperties) = preSolution
		HideSolutionNode = FALSE
	EndGlobalSection
	GlobalSection(ExtensibilityGlobals) = postSolution
		SolutionGuid = {5B663A7D-69F1-412C-AAE3-0D4D65EE229C}
	EndGlobalSection
EndGlobal
