
Microsoft Visual Studio Solution File, Format Version 12.00
# Visual Studio Version 17
VisualStudioVersion = 17.8.34330.188
MinimumVisualStudioVersion = 10.0.40219.1
Project("{FAE04EC0-301F-11D3-BF4B-00C04F79EFBC}") = "ODEV1", "ODEV1\ODEV1.csproj", "{DDC29E28-C6CC-4E91-A205-5B416EA89FF8}"
EndProject
Global
	GlobalSection(SolutionConfigurationPlatforms) = preSolution
		Debug|Any CPU = Debug|Any CPU
		Release|Any CPU = Release|Any CPU
	EndGlobalSection
	GlobalSection(ProjectConfigurationPlatforms) = postSolution
		{DDC29E28-C6CC-4E91-A205-5B416EA89FF8}.Debug|Any CPU.ActiveCfg = Debug|Any CPU
		{DDC29E28-C6CC-4E91-A205-5B416EA89FF8}.Debug|Any CPU.Build.0 = Debug|Any CPU
		{DDC29E28-C6CC-4E91-A205-5B416EA89FF8}.Release|Any CPU.ActiveCfg = Release|Any CPU
		{DDC29E28-C6CC-4E91-A205-5B416EA89FF8}.Release|Any CPU.Build.0 = Release|Any CPU
	EndGlobalSection
	GlobalSection(SolutionProperties) = preSolution
		HideSolutionNode = FALSE
	EndGlobalSection
	GlobalSection(ExtensibilityGlobals) = postSolution
		SolutionGuid = {3B0E9915-17A1-4DFA-B555-F9E5E85BCE99}
	EndGlobalSection
EndGlobal
