
Microsoft Visual Studio Solution File, Format Version 12.00
# Visual Studio Version 17
VisualStudioVersion = 17.8.34330.188
MinimumVisualStudioVersion = 10.0.40219.1
Project("{FAE04EC0-301F-11D3-BF4B-00C04F79EFBC}") = "Odev2", "Odev2\Odev2.csproj", "{903496CB-3F0F-4A3F-84D5-91FEEC95175E}"
EndProject
Global
	GlobalSection(SolutionConfigurationPlatforms) = preSolution
		Debug|Any CPU = Debug|Any CPU
		Release|Any CPU = Release|Any CPU
	EndGlobalSection
	GlobalSection(ProjectConfigurationPlatforms) = postSolution
		{903496CB-3F0F-4A3F-84D5-91FEEC95175E}.Debug|Any CPU.ActiveCfg = Debug|Any CPU
		{903496CB-3F0F-4A3F-84D5-91FEEC95175E}.Debug|Any CPU.Build.0 = Debug|Any CPU
		{903496CB-3F0F-4A3F-84D5-91FEEC95175E}.Release|Any CPU.ActiveCfg = Release|Any CPU
		{903496CB-3F0F-4A3F-84D5-91FEEC95175E}.Release|Any CPU.Build.0 = Release|Any CPU
	EndGlobalSection
	GlobalSection(SolutionProperties) = preSolution
		HideSolutionNode = FALSE
	EndGlobalSection
	GlobalSection(ExtensibilityGlobals) = postSolution
		SolutionGuid = {8D88A4BF-8B40-4FB5-95F7-C0171983D9EE}
	EndGlobalSection
EndGlobal
