
Microsoft Visual Studio Solution File, Format Version 12.00
# Visual Studio Version 17
VisualStudioVersion = 17.8.34330.188
MinimumVisualStudioVersion = 10.0.40219.1
Project("{FAE04EC0-301F-11D3-BF4B-00C04F79EFBC}") = "ODEV1", "ODEV1\ODEV1.csproj", "{F775B04D-92E0-410A-9E0D-7477A843B22E}"
EndProject
Global
	GlobalSection(SolutionConfigurationPlatforms) = preSolution
		Debug|Any CPU = Debug|Any CPU
		Release|Any CPU = Release|Any CPU
	EndGlobalSection
	GlobalSection(ProjectConfigurationPlatforms) = postSolution
		{F775B04D-92E0-410A-9E0D-7477A843B22E}.Debug|Any CPU.ActiveCfg = Debug|Any CPU
		{F775B04D-92E0-410A-9E0D-7477A843B22E}.Debug|Any CPU.Build.0 = Debug|Any CPU
		{F775B04D-92E0-410A-9E0D-7477A843B22E}.Release|Any CPU.ActiveCfg = Release|Any CPU
		{F775B04D-92E0-410A-9E0D-7477A843B22E}.Release|Any CPU.Build.0 = Release|Any CPU
	EndGlobalSection
	GlobalSection(SolutionProperties) = preSolution
		HideSolutionNode = FALSE
	EndGlobalSection
	GlobalSection(ExtensibilityGlobals) = postSolution
		SolutionGuid = {1EC352E9-BC70-46CF-9E15-F532111B0A9B}
	EndGlobalSection
EndGlobal
