
Microsoft Visual Studio Solution File, Format Version 12.00
# Visual Studio Version 17
VisualStudioVersion = 17.8.34330.188
MinimumVisualStudioVersion = 10.0.40219.1
Project("{FAE04EC0-301F-11D3-BF4B-00C04F79EFBC}") = "ODEV1", "ODEV1\ODEV1.csproj", "{32228892-B803-43A4-8798-363E96D418E1}"
EndProject
Global
	GlobalSection(SolutionConfigurationPlatforms) = preSolution
		Debug|Any CPU = Debug|Any CPU
		Release|Any CPU = Release|Any CPU
	EndGlobalSection
	GlobalSection(ProjectConfigurationPlatforms) = postSolution
		{32228892-B803-43A4-8798-363E96D418E1}.Debug|Any CPU.ActiveCfg = Debug|Any CPU
		{32228892-B803-43A4-8798-363E96D418E1}.Debug|Any CPU.Build.0 = Debug|Any CPU
		{32228892-B803-43A4-8798-363E96D418E1}.Release|Any CPU.ActiveCfg = Release|Any CPU
		{32228892-B803-43A4-8798-363E96D418E1}.Release|Any CPU.Build.0 = Release|Any CPU
	EndGlobalSection
	GlobalSection(SolutionProperties) = preSolution
		HideSolutionNode = FALSE
	EndGlobalSection
	GlobalSection(ExtensibilityGlobals) = postSolution
		SolutionGuid = {60AD9744-8DB7-41BE-8514-60FCAC2D0302}
	EndGlobalSection
EndGlobal
