
Microsoft Visual Studio Solution File, Format Version 12.00
# Visual Studio Version 17
VisualStudioVersion = 17.8.34330.188
MinimumVisualStudioVersion = 10.0.40219.1
Project("{FAE04EC0-301F-11D3-BF4B-00C04F79EFBC}") = "ODEV3", "ODEV3\ODEV3.csproj", "{606135A3-577E-4203-AAE2-98E7AE931AB5}"
EndProject
Global
	GlobalSection(SolutionConfigurationPlatforms) = preSolution
		Debug|Any CPU = Debug|Any CPU
		Release|Any CPU = Release|Any CPU
	EndGlobalSection
	GlobalSection(ProjectConfigurationPlatforms) = postSolution
		{606135A3-577E-4203-AAE2-98E7AE931AB5}.Debug|Any CPU.ActiveCfg = Debug|Any CPU
		{606135A3-577E-4203-AAE2-98E7AE931AB5}.Debug|Any CPU.Build.0 = Debug|Any CPU
		{606135A3-577E-4203-AAE2-98E7AE931AB5}.Release|Any CPU.ActiveCfg = Release|Any CPU
		{606135A3-577E-4203-AAE2-98E7AE931AB5}.Release|Any CPU.Build.0 = Release|Any CPU
	EndGlobalSection
	GlobalSection(SolutionProperties) = preSolution
		HideSolutionNode = FALSE
	EndGlobalSection
	GlobalSection(ExtensibilityGlobals) = postSolution
		SolutionGuid = {0B183403-9DE6-480C-93A2-E34C8BD7BE65}
	EndGlobalSection
EndGlobal
