
Microsoft Visual Studio Solution File, Format Version 12.00
# Visual Studio Version 17
VisualStudioVersion = 17.8.34330.188
MinimumVisualStudioVersion = 10.0.40219.1
Project("{FAE04EC0-301F-11D3-BF4B-00C04F79EFBC}") = "SERIALIZATION DESERIALIZATION", "SERIALIZATION DESERIALIZATION\SERIALIZATION DESERIALIZATION.csproj", "{EC2240FD-AD06-4A39-A093-E00DE40D3212}"
EndProject
Global
	GlobalSection(SolutionConfigurationPlatforms) = preSolution
		Debug|Any CPU = Debug|Any CPU
		Release|Any CPU = Release|Any CPU
	EndGlobalSection
	GlobalSection(ProjectConfigurationPlatforms) = postSolution
		{EC2240FD-AD06-4A39-A093-E00DE40D3212}.Debug|Any CPU.ActiveCfg = Debug|Any CPU
		{EC2240FD-AD06-4A39-A093-E00DE40D3212}.Debug|Any CPU.Build.0 = Debug|Any CPU
		{EC2240FD-AD06-4A39-A093-E00DE40D3212}.Release|Any CPU.ActiveCfg = Release|Any CPU
		{EC2240FD-AD06-4A39-A093-E00DE40D3212}.Release|Any CPU.Build.0 = Release|Any CPU
	EndGlobalSection
	GlobalSection(SolutionProperties) = preSolution
		HideSolutionNode = FALSE
	EndGlobalSection
	GlobalSection(ExtensibilityGlobals) = postSolution
		SolutionGuid = {91EE45DA-336C-4BC4-96D0-81BC057EC525}
	EndGlobalSection
EndGlobal
