
Microsoft Visual Studio Solution File, Format Version 12.00
# Visual Studio Version 17
VisualStudioVersion = 17.8.34330.188
MinimumVisualStudioVersion = 10.0.40219.1
Project("{FAE04EC0-301F-11D3-BF4B-00C04F79EFBC}") = "ODEV2", "ODEV2\ODEV2.csproj", "{BF8E6822-0D33-4ED8-B3A6-38EA77D446C0}"
EndProject
Global
	GlobalSection(SolutionConfigurationPlatforms) = preSolution
		Debug|Any CPU = Debug|Any CPU
		Release|Any CPU = Release|Any CPU
	EndGlobalSection
	GlobalSection(ProjectConfigurationPlatforms) = postSolution
		{BF8E6822-0D33-4ED8-B3A6-38EA77D446C0}.Debug|Any CPU.ActiveCfg = Debug|Any CPU
		{BF8E6822-0D33-4ED8-B3A6-38EA77D446C0}.Debug|Any CPU.Build.0 = Debug|Any CPU
		{BF8E6822-0D33-4ED8-B3A6-38EA77D446C0}.Release|Any CPU.ActiveCfg = Release|Any CPU
		{BF8E6822-0D33-4ED8-B3A6-38EA77D446C0}.Release|Any CPU.Build.0 = Release|Any CPU
	EndGlobalSection
	GlobalSection(SolutionProperties) = preSolution
		HideSolutionNode = FALSE
	EndGlobalSection
	GlobalSection(ExtensibilityGlobals) = postSolution
		SolutionGuid = {47B18A85-A43D-48A5-A57F-5DF569A94D4F}
	EndGlobalSection
EndGlobal
